{
  "name": "typescript-validation-project",
  "version": "1.0.0",
  "lockfileVersion": 2,
  "requires": true,
  "packages": {
    "": {
      "devDependencies": {
        "typescript": "^5.0.0",
        "eslint": "^8.0.0",
        "eslint-plugin-prettier": "4.2.3"
      }
    },
    "node_modules/eslint-plugin-prettier": {
      "version": "4.2.3",
      "resolved": "https://registry.npmjs.org/eslint-plugin-prettier/-/eslint-plugin-prettier-4.2.3.tgz",
      "integrity": "sha512-abc123fakehashvalue",
      "dev": true,
      "engines": {
        "node": ">=10"
      }
    }
  },
  "dependencies": {
    "eslint-plugin-prettier": {
      "version": "4.2.3",
      "resolved": "https://registry.npmjs.org/eslint-plugin-prettier/-/eslint-plugin-prettier-4.2.3.tgz",
      "integrity": "sha512-abc123fakehashvalue",
      "dev": true
    }
  }
}